
Microsoft Visual Studio Solution File, Format Version 12.00
# Visual Studio 14
VisualStudioVersion = 14.0.25420.1
MinimumVisualStudioVersion = 10.0.40219.1
Project("{FAE04EC0-301F-11D3-BF4B-00C04F79EFBC}") = "hentry", "hentry\hentry.csproj", "{4E250079-C808-4428-9811-70F2E0F8F2CC}"
EndProject
Project("{FAE04EC0-301F-11D3-BF4B-00C04F79EFBC}") = "hentry.Tests", "hentry.Tests\hentry.Tests.csproj", "{DBB27C7A-D11D-44BB-8667-F6AC8100E47E}"
EndProject
Global
	GlobalSection(SolutionConfigurationPlatforms) = preSolution
		Debug|Any CPU = Debug|Any CPU
		Release|Any CPU = Release|Any CPU
	EndGlobalSection
	GlobalSection(ProjectConfigurationPlatforms) = postSolution
		{4E250079-C808-4428-9811-70F2E0F8F2CC}.Debug|Any CPU.ActiveCfg = Debug|Any CPU
		{4E250079-C808-4428-9811-70F2E0F8F2CC}.Debug|Any CPU.Build.0 = Debug|Any CPU
		{4E250079-C808-4428-9811-70F2E0F8F2CC}.Release|Any CPU.ActiveCfg = Release|Any CPU
		{4E250079-C808-4428-9811-70F2E0F8F2CC}.Release|Any CPU.Build.0 = Release|Any CPU
		{DBB27C7A-D11D-44BB-8667-F6AC8100E47E}.Debug|Any CPU.ActiveCfg = Debug|Any CPU
		{DBB27C7A-D11D-44BB-8667-F6AC8100E47E}.Debug|Any CPU.Build.0 = Debug|Any CPU
		{DBB27C7A-D11D-44BB-8667-F6AC8100E47E}.Release|Any CPU.ActiveCfg = Release|Any CPU
		{DBB27C7A-D11D-44BB-8667-F6AC8100E47E}.Release|Any CPU.Build.0 = Release|Any CPU
	EndGlobalSection
	GlobalSection(SolutionProperties) = preSolution
		HideSolutionNode = FALSE
	EndGlobalSection
EndGlobal
